// !$*UTF8*$!
{
	archiveVersion = 1;
	classes = {
	};
	objectVersion = 46;
	objects = {

/* Begin PBXBuildFile section */
		0727BE7E1BF30F4E0001DB91 /* ItemDetailViewController.swift in Sources */ = {isa = PBXBuildFile; fileRef = 0727BE7D1BF30F4E0001DB91 /* ItemDetailViewController.swift */; };
		072A9C6A1BF28A970069F35C /* ChecklistItem.swift in Sources */ = {isa = PBXBuildFile; fileRef = 072A9C691BF28A970069F35C /* ChecklistItem.swift */; };
		0786A3AE1BF0375E0076D8F9 /* AppDelegate.swift in Sources */ = {isa = PBXBuildFile; fileRef = 0786A3AD1BF0375E0076D8F9 /* AppDelegate.swift */; };
		0786A3B01BF0375E0076D8F9 /* ChecklistViewController.swift in Sources */ = {isa = PBXBuildFile; fileRef = 0786A3AF1BF0375E0076D8F9 /* ChecklistViewController.swift */; };
		0786A3B31BF0375E0076D8F9 /* Main.storyboard in Resources */ = {isa = PBXBuildFile; fileRef = 0786A3B11BF0375E0076D8F9 /* Main.storyboard */; };
		0786A3B51BF0375E0076D8F9 /* Assets.xcassets in Resources */ = {isa = PBXBuildFile; fileRef = 0786A3B41BF0375E0076D8F9 /* Assets.xcassets */; };
		0786A3B81BF0375E0076D8F9 /* LaunchScreen.storyboard in Resources */ = {isa = PBXBuildFile; fileRef = 0786A3B61BF0375E0076D8F9 /* LaunchScreen.storyboard */; };
/* End PBXBuildFile section */

/* Begin PBXFileReference section */
		0727BE7D1BF30F4E0001DB91 /* ItemDetailViewController.swift */ = {isa = PBXFileReference; fileEncoding = 4; lastKnownFileType = sourcecode.swift; lineEnding = 0; path = ItemDetailViewController.swift; sourceTree = "<group>"; xcLanguageSpecificationIdentifier = xcode.lang.swift; };
		072A9C691BF28A970069F35C /* ChecklistItem.swift */ = {isa = PBXFileReference; fileEncoding = 4; lastKnownFileType = sourcecode.swift; path = ChecklistItem.swift; sourceTree = "<group>"; };
		0786A3AA1BF0375E0076D8F9 /* Checklists.app */ = {isa = PBXFileReference; explicitFileType = wrapper.application; includeInIndex = 0; path = Checklists.app; sourceTree = BUILT_PRODUCTS_DIR; };
		0786A3AD1BF0375E0076D8F9 /* AppDelegate.swift */ = {isa = PBXFileReference; lastKnownFileType = sourcecode.swift; path = AppDelegate.swift; sourceTree = "<group>"; };
		0786A3AF1BF0375E0076D8F9 /* ChecklistViewController.swift */ = {isa = PBXFileReference; lastKnownFileType = sourcecode.swift; lineEnding = 0; path = ChecklistViewController.swift; sourceTree = "<group>"; xcLanguageSpecificationIdentifier = xcode.lang.swift; };
		0786A3B21BF0375E0076D8F9 /* Base */ = {isa = PBXFileReference; lastKnownFileType = file.storyboard; name = Base; path = Base.lproj/Main.storyboard; sourceTree = "<group>"; };
		0786A3B41BF0375E0076D8F9 /* Assets.xcassets */ = {isa = PBXFileReference; lastKnownFileType = folder.assetcatalog; path = Assets.xcassets; sourceTree = "<group>"; };
		0786A3B71BF0375E0076D8F9 /* Base */ = {isa = PBXFileReference; lastKnownFileType = file.storyboard; name = Base; path = Base.lproj/LaunchScreen.storyboard; sourceTree = "<group>"; };
		0786A3B91BF0375E0076D8F9 /* Info.plist */ = {isa = PBXFileReference; lastKnownFileType = text.plist.xml; path = Info.plist; sourceTree = "<group>"; };
/* End PBXFileReference section */

/* Begin PBXFrameworksBuildPhase section */
		0786A3A71BF0375E0076D8F9 /* Frameworks */ = {
			isa = PBXFrameworksBuildPhase;
			buildActionMask = 2147483647;
			files = (
			);
			runOnlyForDeploymentPostprocessing = 0;
		};
/* End PBXFrameworksBuildPhase section */

/* Begin PBXGroup section */
		0786A3A11BF0375E0076D8F9 = {
			isa = PBXGroup;
			children = (
				0786A3AC1BF0375E0076D8F9 /* Checklists */,
				0786A3AB1BF0375E0076D8F9 /* Products */,
			);
			sourceTree = "<group>";
		};
		0786A3AB1BF0375E0076D8F9 /* Products */ = {
			isa = PBXGroup;
			children = (
				0786A3AA1BF0375E0076D8F9 /* Checklists.app */,
			);
			name = Products;
			sourceTree = "<group>";
		};
		0786A3AC1BF0375E0076D8F9 /* Checklists */ = {
			isa = PBXGroup;
			children = (
				0786A3AD1BF0375E0076D8F9 /* AppDelegate.swift */,
				0786A3AF1BF0375E0076D8F9 /* ChecklistViewController.swift */,
				0786A3B11BF0375E0076D8F9 /* Main.storyboard */,
				0786A3B41BF0375E0076D8F9 /* Assets.xcassets */,
				0786A3B61BF0375E0076D8F9 /* LaunchScreen.storyboard */,
				0786A3B91BF0375E0076D8F9 /* Info.plist */,
				072A9C691BF28A970069F35C /* ChecklistItem.swift */,
				0727BE7D1BF30F4E0001DB91 /* ItemDetailViewController.swift */,
			);
			path = Checklists;
			sourceTree = "<group>";
		};
/* End PBXGroup section */

/* Begin PBXNativeTarget section */
		0786A3A91BF0375E0076D8F9 /* Checklists */ = {
			isa = PBXNativeTarget;
			buildConfigurationList = 0786A3BC1BF0375E0076D8F9 /* Build configuration list for PBXNativeTarget "Checklists" */;
			buildPhases = (
				0786A3A61BF0375E0076D8F9 /* Sources */,
				0786A3A71BF0375E0076D8F9 /* Frameworks */,
				0786A3A81BF0375E0076D8F9 /* Resources */,
			);
			buildRules = (
			);
			dependencies = (
			);
			name = Checklists;
			productName = Checklists;
			productReference = 0786A3AA1BF0375E0076D8F9 /* Checklists.app */;
			productType = "com.apple.product-type.application";
		};
/* End PBXNativeTarget section */

/* Begin PBXProject section */
		0786A3A21BF0375E0076D8F9 /* Project object */ = {
			isa = PBXProject;
			attributes = {
				LastSwiftUpdateCheck = 0710;
				LastUpgradeCheck = 0710;
				ORGANIZATIONNAME = Shaohui;
				TargetAttributes = {
					0786A3A91BF0375E0076D8F9 = {
						CreatedOnToolsVersion = 7.1;
						DevelopmentTeam = 9QMABY9PEU;
					};
				};
			};
			buildConfigurationList = 0786A3A51BF0375E0076D8F9 /* Build configuration list for PBXProject "Checklists" */;
			compatibilityVersion = "Xcode 3.2";
			developmentRegion = English;
			hasScannedForEncodings = 0;
			knownRegions = (
				en,
				Base,
			);
			mainGroup = 0786A3A11BF0375E0076D8F9;
			productRefGroup = 0786A3AB1BF0375E0076D8F9 /* Products */;
			projectDirPath = "";
			projectRoot = "";
			targets = (
				0786A3A91BF0375E0076D8F9 /* Checklists */,
			);
		};
/* End PBXProject section */

/* Begin PBXResourcesBuildPhase section */
		0786A3A81BF0375E0076D8F9 /* Resources */ = {
			isa = PBXResourcesBuildPhase;
			buildActionMask = 2147483647;
			files = (
				0786A3B81BF0375E0076D8F9 /* LaunchScreen.storyboard in Resources */,
				0786A3B51BF0375E0076D8F9 /* Assets.xcassets in Resources */,
				0786A3B31BF0375E0076D8F9 /* Main.storyboard in Resources */,
			);
			runOnlyForDeploymentPostprocessing = 0;
		};
/* End PBXResourcesBuildPhase section */

/* Begin PBXSourcesBuildPhase section */
		0786A3A61BF0375E0076D8F9 /* Sources */ = {
			isa = PBXSourcesBuildPhase;
			buildActionMask = 2147483647;
			files = (
				0786A3B01BF0375E0076D8F9 /* ChecklistViewController.swift in Sources */,
				0727BE7E1BF30F4E0001DB91 /* ItemDetailViewController.swift in Sources */,
				072A9C6A1BF28A970069F35C /* ChecklistItem.swift in Sources */,
				0786A3AE1BF0375E0076D8F9 /* AppDelegate.swift in Sources */,
			);
			runOnlyForDeploymentPostprocessing = 0;
		};
/* End PBXSourcesBuildPhase section */

/* Begin PBXVariantGroup section */
		0786A3B11BF0375E0076D8F9 /* Main.storyboard */ = {
			isa = PBXVariantGroup;
			children = (
				0786A3B21BF0375E0076D8F9 /* Base */,
			);
			name = Main.storyboard;
			sourceTree = "<group>";
		};
		0786A3B61BF0375E0076D8F9 /* LaunchScreen.storyboard */ = {
			isa = PBXVariantGroup;
			children = (
				0786A3B71BF0375E0076D8F9 /* Base */,
			);
			name = LaunchScreen.storyboard;
			sourceTree = "<group>";
		};
/* End PBXVariantGroup section */

/* Begin XCBuildConfiguration section */
		0786A3BA1BF0375E0076D8F9 /* Debug */ = {
			isa = XCBuildConfiguration;
			buildSettings = {
				ALWAYS_SEARCH_USER_PATHS = NO;
				CLANG_CXX_LANGUAGE_STANDARD = "gnu++0x";
				CLANG_CXX_LIBRARY = "libc++";
				CLANG_ENABLE_MODULES = YES;
				CLANG_ENABLE_OBJC_ARC = YES;
				CLANG_WARN_BOOL_CONVERSION = YES;
				CLANG_WARN_CONSTANT_CONVERSION = YES;
				CLANG_WARN_DIRECT_OBJC_ISA_USAGE = YES_ERROR;
				CLANG_WARN_EMPTY_BODY = YES;
				CLANG_WARN_ENUM_CONVERSION = YES;
				CLANG_WARN_INT_CONVERSION = YES;
				CLANG_WARN_OBJC_ROOT_CLASS = YES_ERROR;
				CLANG_WARN_UNREACHABLE_CODE = YES;
				CLANG_WARN__DUPLICATE_METHOD_MATCH = YES;
				"CODE_SIGN_IDENTITY[sdk=iphoneos*]" = "iPhone Developer";
				COPY_PHASE_STRIP = NO;
				DEBUG_INFORMATION_FORMAT = dwarf;
				ENABLE_STRICT_OBJC_MSGSEND = YES;
				ENABLE_TESTABILITY = YES;
				GCC_C_LANGUAGE_STANDARD = gnu99;
				GCC_DYNAMIC_NO_PIC = NO;
				GCC_NO_COMMON_BLOCKS = YES;
				GCC_OPTIMIZATION_LEVEL = 0;
				GCC_PREPROCESSOR_DEFINITIONS = (
					"DEBUG=1",
					"$(inherited)",
				);
				GCC_WARN_64_TO_32_BIT_CONVERSION = YES;
				GCC_WARN_ABOUT_RETURN_TYPE = YES_ERROR;
				GCC_WARN_UNDECLARED_SELECTOR = YES;
				GCC_WARN_UNINITIALIZED_AUTOS = YES_AGGRESSIVE;
				GCC_WARN_UNUSED_FUNCTION = YES;
				GCC_WARN_UNUSED_VARIABLE = YES;
				IPHONEOS_DEPLOYMENT_TARGET = 9.1;
				MTL_ENABLE_DEBUG_INFO = YES;
				ONLY_ACTIVE_ARCH = YES;
				SDKROOT = iphoneos;
				SWIFT_OPTIMIZATION_LEVEL = "-Onone";
			};
			name = Debug;
		};
		0786A3BB1BF0375E0076D8F9 /* Release */ = {
			isa = XCBuildConfiguration;
			buildSettings = {
				ALWAYS_SEARCH_USER_PATHS = NO;
				CLANG_CXX_LANGUAGE_STANDARD = "gnu++0x";
				CLANG_CXX_LIBRARY = "libc++";
				CLANG_ENABLE_MODULES = YES;
				CLANG_ENABLE_OBJC_ARC = YES;
				CLANG_WARN_BOOL_CONVERSION = YES;
				CLANG_WARN_CONSTANT_CONVERSION = YES;
				CLANG_WARN_DIRECT_OBJC_ISA_USAGE = YES_ERROR;
				CLANG_WARN_EMPTY_BODY = YES;
				CLANG_WARN_ENUM_CONVERSION = YES;
				CLANG_WARN_INT_CONVERSION = YES;
				CLANG_WARN_OBJC_ROOT_CLASS = YES_ERROR;
				CLANG_WARN_UNREACHABLE_CODE = YES;
				CLANG_WARN__DUPLICATE_METHOD_MATCH = YES;
				"CODE_SIGN_IDENTITY[sdk=iphoneos*]" = "iPhone Developer";
				COPY_PHASE_STRIP = NO;
				DEBUG_INFORMATION_FORMAT = "dwarf-with-dsym";
				ENABLE_NS_ASSERTIONS = NO;
				ENABLE_STRICT_OBJC_MSGSEND = YES;
				GCC_C_LANGUAGE_STANDARD = gnu99;
				GCC_NO_COMMON_BLOCKS = YES;
				GCC_WARN_64_TO_32_BIT_CONVERSION = YES;
				GCC_WARN_ABOUT_RETURN_TYPE = YES_ERROR;
				GCC_WARN_UNDECLARED_SELECTOR = YES;
				GCC_WARN_UNINITIALIZED_AUTOS = YES_AGGRESSIVE;
				GCC_WARN_UNUSED_FUNCTION = YES;
				GCC_WARN_UNUSED_VARIABLE = YES;
				IPHONEOS_DEPLOYMENT_TARGET = 9.1;
				MTL_ENABLE_DEBUG_INFO = NO;
				SDKROOT = iphoneos;
				VALIDATE_PRODUCT = YES;
			};
			name = Release;
		};
		0786A3BD1BF0375E0076D8F9 /* Debug */ = {
			isa = XCBuildConfiguration;
			buildSettings = {
				ASSETCATALOG_COMPILER_APPICON_NAME = AppIcon;
				CODE_SIGN_IDENTITY = "iPhone Developer";
				INFOPLIST_FILE = Checklists/Info.plist;
				LD_RUNPATH_SEARCH_PATHS = "$(inherited) @executable_path/Frameworks";
				PRODUCT_BUNDLE_IDENTIFIER = com.watermelonlab.Checklists;
				PRODUCT_NAME = "$(TARGET_NAME)";
			};
			name = Debug;
		};
		0786A3BE1BF0375E0076D8F9 /* Release */ = {
			isa = XCBuildConfiguration;
			buildSettings = {
				ASSETCATALOG_COMPILER_APPICON_NAME = AppIcon;
				CODE_SIGN_IDENTITY = "iPhone Developer";
				INFOPLIST_FILE = Checklists/Info.plist;
				LD_RUNPATH_SEARCH_PATHS = "$(inherited) @executable_path/Frameworks";
				PRODUCT_BUNDLE_IDENTIFIER = com.watermelonlab.Checklists;
				PRODUCT_NAME = "$(TARGET_NAME)";
			};
			name = Release;
		};
/* End XCBuildConfiguration section */

/* Begin XCConfigurationList section */
		0786A3A51BF0375E0076D8F9 /* Build configuration list for PBXProject "Checklists" */ = {
			isa = XCConfigurationList;
			buildConfigurations = (
				0786A3BA1BF0375E0076D8F9 /* Debug */,
				0786A3BB1BF0375E0076D8F9 /* Release */,
			);
			defaultConfigurationIsVisible = 0;
			defaultConfigurationName = Release;
		};
		0786A3BC1BF0375E0076D8F9 /* Build configuration list for PBXNativeTarget "Checklists" */ = {
			isa = XCConfigurationList;
			buildConfigurations = (
				0786A3BD1BF0375E0076D8F9 /* Debug */,
				0786A3BE1BF0375E0076D8F9 /* Release */,
			);
			defaultConfigurationIsVisible = 0;
			defaultConfigurationName = Release;
		};
/* End XCConfigurationList section */
	};
	rootObject = 0786A3A21BF0375E0076D8F9 /* Project object */;
}
